
Microsoft Visual Studio Solution File, Format Version 12.00
# Visual Studio Version 16
VisualStudioVersion = 16.0.32106.194
MinimumVisualStudioVersion = 10.0.40219.1
Project("{FAE04EC0-301F-11D3-BF4B-00C04F79EFBC}") = "RideNow", "RideNow\RideNow.csproj", "{2E1DA70E-23B0-4152-BDEA-2EC9EFEFD065}"
EndProject
Project("{FAE04EC0-301F-11D3-BF4B-00C04F79EFBC}") = "RideNow.Tests", "RideNow.Tests\RideNow.Tests.csproj", "{1A07F3BD-4035-4329-83DF-D1489A40F1F5}"
EndProject
Project("{2150E333-8FDC-42A3-9474-1A3956D46DE8}") = "Solution Items", "Solution Items", "{676D6133-9622-45C3-BB4A-1BE42E3DF5E3}"
EndProject
Global
	GlobalSection(SolutionConfigurationPlatforms) = preSolution
		Debug|Any CPU = Debug|Any CPU
		Release|Any CPU = Release|Any CPU
	EndGlobalSection
	GlobalSection(ProjectConfigurationPlatforms) = postSolution
		{2E1DA70E-23B0-4152-BDEA-2EC9EFEFD065}.Debug|Any CPU.ActiveCfg = Debug|Any CPU
		{2E1DA70E-23B0-4152-BDEA-2EC9EFEFD065}.Debug|Any CPU.Build.0 = Debug|Any CPU
		{2E1DA70E-23B0-4152-BDEA-2EC9EFEFD065}.Release|Any CPU.ActiveCfg = Release|Any CPU
		{2E1DA70E-23B0-4152-BDEA-2EC9EFEFD065}.Release|Any CPU.Build.0 = Release|Any CPU
		{1A07F3BD-4035-4329-83DF-D1489A40F1F5}.Debug|Any CPU.ActiveCfg = Debug|Any CPU
		{1A07F3BD-4035-4329-83DF-D1489A40F1F5}.Debug|Any CPU.Build.0 = Debug|Any CPU
		{1A07F3BD-4035-4329-83DF-D1489A40F1F5}.Release|Any CPU.ActiveCfg = Release|Any CPU
		{1A07F3BD-4035-4329-83DF-D1489A40F1F5}.Release|Any CPU.Build.0 = Release|Any CPU
	EndGlobalSection
	GlobalSection(SolutionProperties) = preSolution
		HideSolutionNode = FALSE
	EndGlobalSection
	GlobalSection(ExtensibilityGlobals) = postSolution
		SolutionGuid = {CBB01704-EC94-4A41-BAAD-6A1B97E12674}
	EndGlobalSection
EndGlobal
